
Microsoft Visual Studio Solution File, Format Version 12.00
# Visual Studio Version 16
VisualStudioVersion = 16.0.30621.155
MinimumVisualStudioVersion = 10.0.40219.1
Project("{FAE04EC0-301F-11D3-BF4B-00C04F79EFBC}") = "TencentCloud.DNS", "TencentCloud.DNS\TencentCloud.DNS.csproj", "{84287BE9-0495-4AD2-8818-83563A92270D}"
EndProject
Global
	GlobalSection(SolutionConfigurationPlatforms) = preSolution
		Debug|Any CPU = Debug|Any CPU
		Release|Any CPU = Release|Any CPU
	EndGlobalSection
	GlobalSection(ProjectConfigurationPlatforms) = postSolution
		{84287BE9-0495-4AD2-8818-83563A92270D}.Debug|Any CPU.ActiveCfg = Debug|Any CPU
		{84287BE9-0495-4AD2-8818-83563A92270D}.Debug|Any CPU.Build.0 = Debug|Any CPU
		{84287BE9-0495-4AD2-8818-83563A92270D}.Release|Any CPU.ActiveCfg = Release|Any CPU
		{84287BE9-0495-4AD2-8818-83563A92270D}.Release|Any CPU.Build.0 = Release|Any CPU
	EndGlobalSection
	GlobalSection(SolutionProperties) = preSolution
		HideSolutionNode = FALSE
	EndGlobalSection
	GlobalSection(ExtensibilityGlobals) = postSolution
		SolutionGuid = {F646E185-BD90-4103-9EF8-DF59FB236EFB}
	EndGlobalSection
EndGlobal
